
Microsoft Visual Studio Solution File, Format Version 12.00
# Visual Studio Version 17
VisualStudioVersion = 17.5.33530.505
MinimumVisualStudioVersion = 10.0.40219.1
Project("{FAE04EC0-301F-11D3-BF4B-00C04F79EFBC}") = "WebApplication2", "WebApplication2\WebApplication2.csproj", "{FBBCEDD0-6288-4E32-8BC2-0C9920A4BAB1}"
EndProject
Project("{FAE04EC0-301F-11D3-BF4B-00C04F79EFBC}") = "WebApplication3", "WebApplication3\WebApplication3.csproj", "{6699BDE6-4C0A-488D-8C6A-281608B60E7A}"
EndProject
Global
	GlobalSection(SolutionConfigurationPlatforms) = preSolution
		Debug|Any CPU = Debug|Any CPU
		Release|Any CPU = Release|Any CPU
	EndGlobalSection
	GlobalSection(ProjectConfigurationPlatforms) = postSolution
		{FBBCEDD0-6288-4E32-8BC2-0C9920A4BAB1}.Debug|Any CPU.ActiveCfg = Debug|Any CPU
		{FBBCEDD0-6288-4E32-8BC2-0C9920A4BAB1}.Debug|Any CPU.Build.0 = Debug|Any CPU
		{FBBCEDD0-6288-4E32-8BC2-0C9920A4BAB1}.Release|Any CPU.ActiveCfg = Release|Any CPU
		{FBBCEDD0-6288-4E32-8BC2-0C9920A4BAB1}.Release|Any CPU.Build.0 = Release|Any CPU
		{6699BDE6-4C0A-488D-8C6A-281608B60E7A}.Debug|Any CPU.ActiveCfg = Debug|Any CPU
		{6699BDE6-4C0A-488D-8C6A-281608B60E7A}.Debug|Any CPU.Build.0 = Debug|Any CPU
		{6699BDE6-4C0A-488D-8C6A-281608B60E7A}.Release|Any CPU.ActiveCfg = Release|Any CPU
		{6699BDE6-4C0A-488D-8C6A-281608B60E7A}.Release|Any CPU.Build.0 = Release|Any CPU
	EndGlobalSection
	GlobalSection(SolutionProperties) = preSolution
		HideSolutionNode = FALSE
	EndGlobalSection
	GlobalSection(ExtensibilityGlobals) = postSolution
		SolutionGuid = {06254C25-C0F2-477C-8BA2-F1C3461E0CF6}
	EndGlobalSection
EndGlobal
